
Microsoft Visual Studio Solution File, Format Version 12.00
# Visual Studio Version 16
VisualStudioVersion = 16.0.31019.35
MinimumVisualStudioVersion = 10.0.40219.1
Project("{9A19103F-16F7-4668-BE54-9A1E7A4F7556}") = "DbManager", "DbManager\DbManager.csproj", "{6666588B-00BA-4DB4-A7E0-243D93FAE28B}"
EndProject
Project("{9A19103F-16F7-4668-BE54-9A1E7A4F7556}") = "GameLib_Front", "GameLib_Front\GameLib_Front.csproj", "{0074B99D-3569-40CE-AEEF-5B39A9FD0F0B}"
EndProject
Project("{FAE04EC0-301F-11D3-BF4B-00C04F79EFBC}") = "GameLib_Back", "GameLib_Back\GameLib_Back.csproj", "{C20F10D8-AF73-401D-A824-BBEEF3476BA4}"
EndProject
Global
	GlobalSection(SolutionConfigurationPlatforms) = preSolution
		Debug|Any CPU = Debug|Any CPU
		Release|Any CPU = Release|Any CPU
	EndGlobalSection
	GlobalSection(ProjectConfigurationPlatforms) = postSolution
		{6666588B-00BA-4DB4-A7E0-243D93FAE28B}.Debug|Any CPU.ActiveCfg = Debug|Any CPU
		{6666588B-00BA-4DB4-A7E0-243D93FAE28B}.Debug|Any CPU.Build.0 = Debug|Any CPU
		{6666588B-00BA-4DB4-A7E0-243D93FAE28B}.Release|Any CPU.ActiveCfg = Release|Any CPU
		{6666588B-00BA-4DB4-A7E0-243D93FAE28B}.Release|Any CPU.Build.0 = Release|Any CPU
		{0074B99D-3569-40CE-AEEF-5B39A9FD0F0B}.Debug|Any CPU.ActiveCfg = Debug|Any CPU
		{0074B99D-3569-40CE-AEEF-5B39A9FD0F0B}.Debug|Any CPU.Build.0 = Debug|Any CPU
		{0074B99D-3569-40CE-AEEF-5B39A9FD0F0B}.Release|Any CPU.ActiveCfg = Release|Any CPU
		{0074B99D-3569-40CE-AEEF-5B39A9FD0F0B}.Release|Any CPU.Build.0 = Release|Any CPU
		{C20F10D8-AF73-401D-A824-BBEEF3476BA4}.Debug|Any CPU.ActiveCfg = Debug|Any CPU
		{C20F10D8-AF73-401D-A824-BBEEF3476BA4}.Debug|Any CPU.Build.0 = Debug|Any CPU
		{C20F10D8-AF73-401D-A824-BBEEF3476BA4}.Release|Any CPU.ActiveCfg = Release|Any CPU
		{C20F10D8-AF73-401D-A824-BBEEF3476BA4}.Release|Any CPU.Build.0 = Release|Any CPU
	EndGlobalSection
	GlobalSection(SolutionProperties) = preSolution
		HideSolutionNode = FALSE
	EndGlobalSection
	GlobalSection(ExtensibilityGlobals) = postSolution
		SolutionGuid = {32F0AADE-F061-4DAB-BB67-A8C151F501A2}
	EndGlobalSection
EndGlobal
