
Microsoft Visual Studio Solution File, Format Version 12.00
# Visual Studio Version 16
VisualStudioVersion = 16.0.31019.35
MinimumVisualStudioVersion = 10.0.40219.1
Project("{FAE04EC0-301F-11D3-BF4B-00C04F79EFBC}") = "GameLib_Front", "..\GameLib_Front\GameLib_Front.csproj", "{DB2A9743-3D10-4966-BAC3-BA2348B113A8}"
EndProject
Project("{FAE04EC0-301F-11D3-BF4B-00C04F79EFBC}") = "DbManager", "..\DbManager\DbManager.csproj", "{83A40A6F-A2D5-498B-B80D-A957BDD8925F}"
EndProject
Global
	GlobalSection(SolutionConfigurationPlatforms) = preSolution
		Debug|Any CPU = Debug|Any CPU
		Release|Any CPU = Release|Any CPU
	EndGlobalSection
	GlobalSection(ProjectConfigurationPlatforms) = postSolution
		{DB2A9743-3D10-4966-BAC3-BA2348B113A8}.Debug|Any CPU.ActiveCfg = Debug|Any CPU
		{DB2A9743-3D10-4966-BAC3-BA2348B113A8}.Debug|Any CPU.Build.0 = Debug|Any CPU
		{DB2A9743-3D10-4966-BAC3-BA2348B113A8}.Release|Any CPU.ActiveCfg = Release|Any CPU
		{DB2A9743-3D10-4966-BAC3-BA2348B113A8}.Release|Any CPU.Build.0 = Release|Any CPU
		{83A40A6F-A2D5-498B-B80D-A957BDD8925F}.Debug|Any CPU.ActiveCfg = Debug|Any CPU
		{83A40A6F-A2D5-498B-B80D-A957BDD8925F}.Debug|Any CPU.Build.0 = Debug|Any CPU
		{83A40A6F-A2D5-498B-B80D-A957BDD8925F}.Release|Any CPU.ActiveCfg = Release|Any CPU
		{83A40A6F-A2D5-498B-B80D-A957BDD8925F}.Release|Any CPU.Build.0 = Release|Any CPU
	EndGlobalSection
	GlobalSection(SolutionProperties) = preSolution
		HideSolutionNode = FALSE
	EndGlobalSection
	GlobalSection(ExtensibilityGlobals) = postSolution
		SolutionGuid = {32F0AADE-F061-4DAB-BB67-A8C151F501A2}
	EndGlobalSection
EndGlobal
